# @generated by Move, please check-in and do not edit manually.

[move]
version = 2
manifest_digest = "04B73164E36A06B04EAC44D2B22C1961F1F142200BD858A72F38E10DAE7CCBD6"
deps_digest = "F8BBB0CCB2491CA29A3DF03D6F92277A4F3574266507ACD77214D37ECA3F3082"
dependencies = [
  { name = "Sui" },
]

[[move.package]]
name = "MoveStdlib"
source = { git = "https://github.com/MystenLabs/sui.git", rev = "framework/testnet", subdir = "crates/sui-framework/packages/move-stdlib" }

[[move.package]]
name = "Sui"
source = { git = "https://github.com/MystenLabs/sui.git", rev = "framework/testnet", subdir = "crates/sui-framework/packages/sui-framework" }

dependencies = [
  { name = "MoveStdlib" },
]

[move.toolchain-version]
compiler-version = "1.27.2"
edition = "2024.beta"
flavor = "sui"

[env]

[env.testnet]
chain-id = "4c78adac"
original-published-id = "0xa1be27082216fde27263bcae5f42a8ec0cb1b68b2a35b758a045ac74e335f93b"
latest-published-id = "0xa1be27082216fde27263bcae5f42a8ec0cb1b68b2a35b758a045ac74e335f93b"
published-version = "1"
