# @generated by Move, please check-in and do not edit manually.

[move]
version = 2
manifest_digest = "6235AEE479D437A06432AF9E758807E61709ED9EE60F29D0944BE4532A49036A"
deps_digest = "3C4103934B1E040BB6B23F1D610B4EF9F2F1166A50A104EADCF77467C004C600"
dependencies = [
  { name = "Sui" },
  { name = "move_sui_coin" },
]

[[move.package]]
name = "MoveStdlib"
source = { git = "https://github.com/MystenLabs/sui.git", rev = "framework/testnet", subdir = "crates/sui-framework/packages/move-stdlib" }

[[move.package]]
name = "Sui"
source = { git = "https://github.com/MystenLabs/sui.git", rev = "framework/testnet", subdir = "crates/sui-framework/packages/sui-framework" }

dependencies = [
  { name = "MoveStdlib" },
]

[[move.package]]
name = "move_sui_coin"
source = { local = "../move_sui_coin" }

dependencies = [
  { name = "Sui" },
]

[move.toolchain-version]
compiler-version = "1.27.2"
edition = "2024.beta"
flavor = "sui"

[env]

[env.testnet]
chain-id = "4c78adac"
original-published-id = "0xaa88171226271a6d114cc5aa32bc2222de7057afa8e0595047c1692c820939e0"
latest-published-id = "0xaa88171226271a6d114cc5aa32bc2222de7057afa8e0595047c1692c820939e0"
published-version = "1"
