# @generated by Move, please check-in and do not edit manually.

[move]
version = 2
manifest_digest = "C910E072923D91567C2FFCD9E640EC9BE5FB8396605F4A1C46A8E5A0626AED05"
deps_digest = "F8BBB0CCB2491CA29A3DF03D6F92277A4F3574266507ACD77214D37ECA3F3082"
dependencies = [
  { name = "Sui" },
]

[[move.package]]
name = "MoveStdlib"
source = { git = "https://github.com/MystenLabs/sui.git", rev = "framework/testnet", subdir = "crates/sui-framework/packages/move-stdlib" }

[[move.package]]
name = "Sui"
source = { git = "https://github.com/MystenLabs/sui.git", rev = "framework/testnet", subdir = "crates/sui-framework/packages/sui-framework" }

dependencies = [
  { name = "MoveStdlib" },
]

[move.toolchain-version]
compiler-version = "1.27.2"
edition = "2024.beta"
flavor = "sui"

[env]

[env.testnet]
chain-id = "4c78adac"
original-published-id = "0xb43a9d10c9899d0240c7bf6a82716ca24d5184089fb565c01bbdc57431ad797b"
latest-published-id = "0xb43a9d10c9899d0240c7bf6a82716ca24d5184089fb565c01bbdc57431ad797b"
published-version = "1"
