# @generated by Move, please check-in and do not edit manually.

[move]
version = 2
manifest_digest = "F9D89873D6E059A8C3FB217D00E23B3C8FD4D9419E70D96B4C34E8D385030820"
deps_digest = "F8BBB0CCB2491CA29A3DF03D6F92277A4F3574266507ACD77214D37ECA3F3082"
dependencies = [
  { name = "Sui" },
]

[[move.package]]
name = "MoveStdlib"
source = { git = "https://github.com/MystenLabs/sui.git", rev = "framework/testnet", subdir = "crates/sui-framework/packages/move-stdlib" }

[[move.package]]
name = "Sui"
source = { git = "https://github.com/MystenLabs/sui.git", rev = "framework/testnet", subdir = "crates/sui-framework/packages/sui-framework" }

dependencies = [
  { name = "MoveStdlib" },
]

[move.toolchain-version]
compiler-version = "1.27.2"
edition = "2024.beta"
flavor = "sui"

[env]

[env.testnet]
chain-id = "4c78adac"
original-published-id = "0x712d7b9473697f35d6036e7edde35d2ed5149f9bddfc84896c25d3a2c80ff6db"
latest-published-id = "0x712d7b9473697f35d6036e7edde35d2ed5149f9bddfc84896c25d3a2c80ff6db"
published-version = "1"
